
Microsoft Visual Studio Solution File, Format Version 12.00
# Visual Studio Version 17
VisualStudioVersion = 17.11.35222.181
MinimumVisualStudioVersion = 10.0.40219.1
Project("{FAE04EC0-301F-11D3-BF4B-00C04F79EFBC}") = "Flat-Earthers-Backend", "Flat-Earthers-Backend\Flat-Earthers-Backend.csproj", "{688AD151-8306-4094-AEF2-D9EDCEDAA0D0}"
EndProject
Global
	GlobalSection(SolutionConfigurationPlatforms) = preSolution
		Debug|Any CPU = Debug|Any CPU
		Release|Any CPU = Release|Any CPU
	EndGlobalSection
	GlobalSection(ProjectConfigurationPlatforms) = postSolution
		{688AD151-8306-4094-AEF2-D9EDCEDAA0D0}.Debug|Any CPU.ActiveCfg = Debug|Any CPU
		{688AD151-8306-4094-AEF2-D9EDCEDAA0D0}.Debug|Any CPU.Build.0 = Debug|Any CPU
		{688AD151-8306-4094-AEF2-D9EDCEDAA0D0}.Release|Any CPU.ActiveCfg = Release|Any CPU
		{688AD151-8306-4094-AEF2-D9EDCEDAA0D0}.Release|Any CPU.Build.0 = Release|Any CPU
	EndGlobalSection
	GlobalSection(SolutionProperties) = preSolution
		HideSolutionNode = FALSE
	EndGlobalSection
	GlobalSection(ExtensibilityGlobals) = postSolution
		SolutionGuid = {B38AFDE2-A8A2-457A-8A07-B7BC5F7D1A2B}
	EndGlobalSection
EndGlobal
